
Microsoft Visual Studio Solution File, Format Version 12.00
# Visual Studio Version 17
VisualStudioVersion = 17.5.002.0
MinimumVisualStudioVersion = 10.0.40219.1
Project("{9A19103F-16F7-4668-BE54-9A1E7A4F7556}") = "TestProject", "TestProject.csproj", "{D373D440-85B2-46EB-AF44-C4739C65DA6A}"
EndProject
Global
	GlobalSection(SolutionConfigurationPlatforms) = preSolution
		Debug|Any CPU = Debug|Any CPU
		Release|Any CPU = Release|Any CPU
	EndGlobalSection
	GlobalSection(ProjectConfigurationPlatforms) = postSolution
		{D373D440-85B2-46EB-AF44-C4739C65DA6A}.Debug|Any CPU.ActiveCfg = Debug|Any CPU
		{D373D440-85B2-46EB-AF44-C4739C65DA6A}.Debug|Any CPU.Build.0 = Debug|Any CPU
		{D373D440-85B2-46EB-AF44-C4739C65DA6A}.Release|Any CPU.ActiveCfg = Release|Any CPU
		{D373D440-85B2-46EB-AF44-C4739C65DA6A}.Release|Any CPU.Build.0 = Release|Any CPU
	EndGlobalSection
	GlobalSection(SolutionProperties) = preSolution
		HideSolutionNode = FALSE
	EndGlobalSection
	GlobalSection(ExtensibilityGlobals) = postSolution
		SolutionGuid = {3F2CDB81-26FE-45B9-B703-F6F71BAA3F0D}
	EndGlobalSection
EndGlobal
